// !$*UTF8*$!
{
	archiveVersion = 1;
	classes = {
	};
	objectVersion = 46;
	objects = {

/* Begin PBXBuildFile section */
		483A750F1915458D00E7BA38 /* XProduct.m in Sources */ = {isa = PBXBuildFile; fileRef = 483A750E1915458D00E7BA38 /* XProduct.m */; };
		483A75121915458E00E7BA38 /* XProvider.m in Sources */ = {isa = PBXBuildFile; fileRef = 483A75111915458E00E7BA38 /* XProvider.m */; };
		483A75151915458E00E7BA38 /* XCategory.m in Sources */ = {isa = PBXBuildFile; fileRef = 483A75141915458E00E7BA38 /* XCategory.m */; };
		483FEE8519067E7700B23141 /* CategoryTableViewController.m in Sources */ = {isa = PBXBuildFile; fileRef = 483FEE8419067E7700B23141 /* CategoryTableViewController.m */; };
		48E2F485191385740077A019 /* MagicalImportFunctions.m in Sources */ = {isa = PBXBuildFile; fileRef = 48E2F44B191385740077A019 /* MagicalImportFunctions.m */; };
		48E2F486191385740077A019 /* NSAttributeDescription+MagicalDataImport.m in Sources */ = {isa = PBXBuildFile; fileRef = 48E2F44D191385740077A019 /* NSAttributeDescription+MagicalDataImport.m */; };
		48E2F487191385740077A019 /* NSEntityDescription+MagicalDataImport.m in Sources */ = {isa = PBXBuildFile; fileRef = 48E2F44F191385740077A019 /* NSEntityDescription+MagicalDataImport.m */; };
		48E2F488191385740077A019 /* NSNumber+MagicalDataImport.m in Sources */ = {isa = PBXBuildFile; fileRef = 48E2F451191385740077A019 /* NSNumber+MagicalDataImport.m */; };
		48E2F489191385740077A019 /* NSObject+MagicalDataImport.m in Sources */ = {isa = PBXBuildFile; fileRef = 48E2F453191385740077A019 /* NSObject+MagicalDataImport.m */; };
		48E2F48A191385740077A019 /* NSRelationshipDescription+MagicalDataImport.m in Sources */ = {isa = PBXBuildFile; fileRef = 48E2F455191385740077A019 /* NSRelationshipDescription+MagicalDataImport.m */; };
		48E2F48B191385740077A019 /* NSString+MagicalDataImport.m in Sources */ = {isa = PBXBuildFile; fileRef = 48E2F457191385740077A019 /* NSString+MagicalDataImport.m */; };
		48E2F48C191385740077A019 /* NSManagedObject+MagicalAggregation.m in Sources */ = {isa = PBXBuildFile; fileRef = 48E2F45A191385740077A019 /* NSManagedObject+MagicalAggregation.m */; };
		48E2F48D191385740077A019 /* NSManagedObject+MagicalDataImport.m in Sources */ = {isa = PBXBuildFile; fileRef = 48E2F45C191385740077A019 /* NSManagedObject+MagicalDataImport.m */; };
		48E2F48E191385740077A019 /* NSManagedObject+MagicalFinders.m in Sources */ = {isa = PBXBuildFile; fileRef = 48E2F45E191385740077A019 /* NSManagedObject+MagicalFinders.m */; };
		48E2F48F191385740077A019 /* NSManagedObject+MagicalRecord.m in Sources */ = {isa = PBXBuildFile; fileRef = 48E2F460191385740077A019 /* NSManagedObject+MagicalRecord.m */; };
		48E2F490191385740077A019 /* NSManagedObject+MagicalRequests.m in Sources */ = {isa = PBXBuildFile; fileRef = 48E2F462191385740077A019 /* NSManagedObject+MagicalRequests.m */; };
		48E2F491191385740077A019 /* NSManagedObjectContext+MagicalObserving.m in Sources */ = {isa = PBXBuildFile; fileRef = 48E2F465191385740077A019 /* NSManagedObjectContext+MagicalObserving.m */; };
		48E2F492191385740077A019 /* NSManagedObjectContext+MagicalRecord.m in Sources */ = {isa = PBXBuildFile; fileRef = 48E2F467191385740077A019 /* NSManagedObjectContext+MagicalRecord.m */; };
		48E2F493191385740077A019 /* NSManagedObjectContext+MagicalSaves.m in Sources */ = {isa = PBXBuildFile; fileRef = 48E2F469191385740077A019 /* NSManagedObjectContext+MagicalSaves.m */; };
		48E2F494191385740077A019 /* NSManagedObjectContext+MagicalThreading.m in Sources */ = {isa = PBXBuildFile; fileRef = 48E2F46B191385740077A019 /* NSManagedObjectContext+MagicalThreading.m */; };
		48E2F495191385740077A019 /* NSManagedObjectModel+MagicalRecord.m in Sources */ = {isa = PBXBuildFile; fileRef = 48E2F46D191385740077A019 /* NSManagedObjectModel+MagicalRecord.m */; };
		48E2F496191385740077A019 /* NSPersistentStore+MagicalRecord.m in Sources */ = {isa = PBXBuildFile; fileRef = 48E2F46F191385740077A019 /* NSPersistentStore+MagicalRecord.m */; };
		48E2F497191385740077A019 /* NSPersistentStoreCoordinator+MagicalRecord.m in Sources */ = {isa = PBXBuildFile; fileRef = 48E2F471191385740077A019 /* NSPersistentStoreCoordinator+MagicalRecord.m */; };
		48E2F498191385740077A019 /* MagicalRecord+Actions.m in Sources */ = {isa = PBXBuildFile; fileRef = 48E2F474191385740077A019 /* MagicalRecord+Actions.m */; };
		48E2F499191385740077A019 /* MagicalRecord+ErrorHandling.m in Sources */ = {isa = PBXBuildFile; fileRef = 48E2F476191385740077A019 /* MagicalRecord+ErrorHandling.m */; };
		48E2F49A191385740077A019 /* MagicalRecord+iCloud.m in Sources */ = {isa = PBXBuildFile; fileRef = 48E2F478191385740077A019 /* MagicalRecord+iCloud.m */; };
		48E2F49B191385740077A019 /* MagicalRecord+Options.m in Sources */ = {isa = PBXBuildFile; fileRef = 48E2F47A191385740077A019 /* MagicalRecord+Options.m */; };
		48E2F49C191385740077A019 /* MagicalRecord+Setup.m in Sources */ = {isa = PBXBuildFile; fileRef = 48E2F47C191385740077A019 /* MagicalRecord+Setup.m */; };
		48E2F49D191385740077A019 /* MagicalRecord+ShorthandSupport.m in Sources */ = {isa = PBXBuildFile; fileRef = 48E2F47E191385740077A019 /* MagicalRecord+ShorthandSupport.m */; };
		48E2F49E191385740077A019 /* MagicalRecord.m in Sources */ = {isa = PBXBuildFile; fileRef = 48E2F480191385740077A019 /* MagicalRecord.m */; };
		48E2F4AD1913A9940077A019 /* DetailCategoryViewController.m in Sources */ = {isa = PBXBuildFile; fileRef = 48E2F4AC1913A9940077A019 /* DetailCategoryViewController.m */; };
		48E2F4B01913A9AC0077A019 /* DetailProviderViewController.m in Sources */ = {isa = PBXBuildFile; fileRef = 48E2F4AF1913A9AC0077A019 /* DetailProviderViewController.m */; };
		6657AC301909664A00775AA3 /* DetailProductViewController.m in Sources */ = {isa = PBXBuildFile; fileRef = 6657AC2F1909664A00775AA3 /* DetailProductViewController.m */; };
		6657AC371909713800775AA3 /* add_camera_icon.png in Resources */ = {isa = PBXBuildFile; fileRef = 6657AC351909713800775AA3 /* add_camera_icon.png */; };
		6657AC381909713800775AA3 /* add_camera_icon@2x.png in Resources */ = {isa = PBXBuildFile; fileRef = 6657AC361909713800775AA3 /* add_camera_icon@2x.png */; };
		666C0C4F190503B800260977 /* Foundation.framework in Frameworks */ = {isa = PBXBuildFile; fileRef = 666C0C4E190503B800260977 /* Foundation.framework */; };
		666C0C51190503B800260977 /* CoreGraphics.framework in Frameworks */ = {isa = PBXBuildFile; fileRef = 666C0C50190503B800260977 /* CoreGraphics.framework */; };
		666C0C53190503B800260977 /* UIKit.framework in Frameworks */ = {isa = PBXBuildFile; fileRef = 666C0C52190503B800260977 /* UIKit.framework */; };
		666C0C55190503B800260977 /* CoreData.framework in Frameworks */ = {isa = PBXBuildFile; fileRef = 666C0C54190503B800260977 /* CoreData.framework */; };
		666C0C5B190503B800260977 /* InfoPlist.strings in Resources */ = {isa = PBXBuildFile; fileRef = 666C0C59190503B800260977 /* InfoPlist.strings */; };
		666C0C5D190503B800260977 /* main.m in Sources */ = {isa = PBXBuildFile; fileRef = 666C0C5C190503B800260977 /* main.m */; };
		666C0C61190503B800260977 /* AppDelegate.m in Sources */ = {isa = PBXBuildFile; fileRef = 666C0C60190503B800260977 /* AppDelegate.m */; };
		666C0C64190503B800260977 /* ManageProduct.xcdatamodeld in Sources */ = {isa = PBXBuildFile; fileRef = 666C0C62190503B800260977 /* ManageProduct.xcdatamodeld */; };
		666C0C66190503B800260977 /* Images.xcassets in Resources */ = {isa = PBXBuildFile; fileRef = 666C0C65190503B800260977 /* Images.xcassets */; };
		666C0C6D190503B900260977 /* XCTest.framework in Frameworks */ = {isa = PBXBuildFile; fileRef = 666C0C6C190503B900260977 /* XCTest.framework */; };
		666C0C6E190503B900260977 /* Foundation.framework in Frameworks */ = {isa = PBXBuildFile; fileRef = 666C0C4E190503B800260977 /* Foundation.framework */; };
		666C0C6F190503B900260977 /* UIKit.framework in Frameworks */ = {isa = PBXBuildFile; fileRef = 666C0C52190503B800260977 /* UIKit.framework */; };
		666C0C70190503B900260977 /* CoreData.framework in Frameworks */ = {isa = PBXBuildFile; fileRef = 666C0C54190503B800260977 /* CoreData.framework */; };
		666C0C78190503B900260977 /* InfoPlist.strings in Resources */ = {isa = PBXBuildFile; fileRef = 666C0C76190503B900260977 /* InfoPlist.strings */; };
		666C0C7A190503B900260977 /* ManageProductTests.m in Sources */ = {isa = PBXBuildFile; fileRef = 666C0C79190503B900260977 /* ManageProductTests.m */; };
		666C0C841905105E00260977 /* Storyboard.storyboard in Resources */ = {isa = PBXBuildFile; fileRef = 666C0C831905105D00260977 /* Storyboard.storyboard */; };
		669F0768190907BE0085BE94 /* AddProviderViewController.m in Sources */ = {isa = PBXBuildFile; fileRef = 669F0767190907BE0085BE94 /* AddProviderViewController.m */; };
		669F076B190916B40085BE94 /* ProductTableViewController.m in Sources */ = {isa = PBXBuildFile; fileRef = 669F076A190916B40085BE94 /* ProductTableViewController.m */; };
		669F076E190917740085BE94 /* AddProductViewController.m in Sources */ = {isa = PBXBuildFile; fileRef = 669F076D190917740085BE94 /* AddProductViewController.m */; };
		66CEB7031906A51300E76CD6 /* setting-icon1.png in Resources */ = {isa = PBXBuildFile; fileRef = 66CEB7021906A51300E76CD6 /* setting-icon1.png */; };
		66CEB73B1906B2D200E76CD6 /* Balloon@2x.png in Resources */ = {isa = PBXBuildFile; fileRef = 66CEB72F1906B2D200E76CD6 /* Balloon@2x.png */; };
		66CEB73C1906B2D200E76CD6 /* Default-568h@2x.png in Resources */ = {isa = PBXBuildFile; fileRef = 66CEB7301906B2D200E76CD6 /* Default-568h@2x.png */; };
		66CEB73D1906B2D200E76CD6 /* Default.png in Resources */ = {isa = PBXBuildFile; fileRef = 66CEB7311906B2D200E76CD6 /* Default.png */; };
		66CEB73E1906B2D200E76CD6 /* Default@2x.png in Resources */ = {isa = PBXBuildFile; fileRef = 66CEB7321906B2D200E76CD6 /* Default@2x.png */; };
		66CEB73F1906B2D200E76CD6 /* Icon_Activity.png in Resources */ = {isa = PBXBuildFile; fileRef = 66CEB7331906B2D200E76CD6 /* Icon_Activity.png */; };
		66CEB7401906B2D200E76CD6 /* Icon_Activity@2x.png in Resources */ = {isa = PBXBuildFile; fileRef = 66CEB7341906B2D200E76CD6 /* Icon_Activity@2x.png */; };
		66CEB7411906B2D200E76CD6 /* Icon_Explore.png in Resources */ = {isa = PBXBuildFile; fileRef = 66CEB7351906B2D200E76CD6 /* Icon_Explore.png */; };
		66CEB7421906B2D200E76CD6 /* Icon_Explore@2x.png in Resources */ = {isa = PBXBuildFile; fileRef = 66CEB7361906B2D200E76CD6 /* Icon_Explore@2x.png */; };
		66CEB7431906B2D200E76CD6 /* Icon_Home.png in Resources */ = {isa = PBXBuildFile; fileRef = 66CEB7371906B2D200E76CD6 /* Icon_Home.png */; };
		66CEB7441906B2D200E76CD6 /* Icon_Home@2x.png in Resources */ = {isa = PBXBuildFile; fileRef = 66CEB7381906B2D200E76CD6 /* Icon_Home@2x.png */; };
		66CEB7451906B2D200E76CD6 /* Icon_Profile.png in Resources */ = {isa = PBXBuildFile; fileRef = 66CEB7391906B2D200E76CD6 /* Icon_Profile.png */; };
		66CEB7461906B2D200E76CD6 /* Icon_Profile@2x.png in Resources */ = {isa = PBXBuildFile; fileRef = 66CEB73A1906B2D200E76CD6 /* Icon_Profile@2x.png */; };
		66CEB7581906D74A00E76CD6 /* AccessKey.m in Sources */ = {isa = PBXBuildFile; fileRef = 66CEB7571906D74A00E76CD6 /* AccessKey.m */; };
		66CEB7641906E53E00E76CD6 /* ProviderTableViewController.m in Sources */ = {isa = PBXBuildFile; fileRef = 66CEB7631906E53E00E76CD6 /* ProviderTableViewController.m */; };
		66E52FBA19073DD70011AE62 /* AddCategoryViewController.m in Sources */ = {isa = PBXBuildFile; fileRef = 66E52FB919073DD70011AE62 /* AddCategoryViewController.m */; };
/* End PBXBuildFile section */

/* Begin PBXContainerItemProxy section */
		666C0C71190503B900260977 /* PBXContainerItemProxy */ = {
			isa = PBXContainerItemProxy;
			containerPortal = 666C0C43190503B800260977 /* Project object */;
			proxyType = 1;
			remoteGlobalIDString = 666C0C4A190503B800260977;
			remoteInfo = ManageProduct;
		};
/* End PBXContainerItemProxy section */

/* Begin PBXFileReference section */
		483A750D1915458D00E7BA38 /* XProduct.h */ = {isa = PBXFileReference; fileEncoding = 4; lastKnownFileType = sourcecode.c.h; path = XProduct.h; sourceTree = "<group>"; };
		483A750E1915458D00E7BA38 /* XProduct.m */ = {isa = PBXFileReference; fileEncoding = 4; lastKnownFileType = sourcecode.c.objc; path = XProduct.m; sourceTree = "<group>"; };
		483A75101915458E00E7BA38 /* XProvider.h */ = {isa = PBXFileReference; fileEncoding = 4; lastKnownFileType = sourcecode.c.h; path = XProvider.h; sourceTree = "<group>"; };
		483A75111915458E00E7BA38 /* XProvider.m */ = {isa = PBXFileReference; fileEncoding = 4; lastKnownFileType = sourcecode.c.objc; path = XProvider.m; sourceTree = "<group>"; };
		483A75131915458E00E7BA38 /* XCategory.h */ = {isa = PBXFileReference; fileEncoding = 4; lastKnownFileType = sourcecode.c.h; path = XCategory.h; sourceTree = "<group>"; };
		483A75141915458E00E7BA38 /* XCategory.m */ = {isa = PBXFileReference; fileEncoding = 4; lastKnownFileType = sourcecode.c.objc; path = XCategory.m; sourceTree = "<group>"; };
		483FEE8319067E7700B23141 /* CategoryTableViewController.h */ = {isa = PBXFileReference; fileEncoding = 4; lastKnownFileType = sourcecode.c.h; path = CategoryTableViewController.h; sourceTree = "<group>"; };
		483FEE8419067E7700B23141 /* CategoryTableViewController.m */ = {isa = PBXFileReference; fileEncoding = 4; lastKnownFileType = sourcecode.c.objc; path = CategoryTableViewController.m; sourceTree = "<group>"; };
		48E2F44A191385740077A019 /* MagicalImportFunctions.h */ = {isa = PBXFileReference; fileEncoding = 4; lastKnownFileType = sourcecode.c.h; path = MagicalImportFunctions.h; sourceTree = "<group>"; };
		48E2F44B191385740077A019 /* MagicalImportFunctions.m */ = {isa = PBXFileReference; fileEncoding = 4; lastKnownFileType = sourcecode.c.objc; path = MagicalImportFunctions.m; sourceTree = "<group>"; };
		48E2F44C191385740077A019 /* NSAttributeDescription+MagicalDataImport.h */ = {isa = PBXFileReference; fileEncoding = 4; lastKnownFileType = sourcecode.c.h; path = "NSAttributeDescription+MagicalDataImport.h"; sourceTree = "<group>"; };
		48E2F44D191385740077A019 /* NSAttributeDescription+MagicalDataImport.m */ = {isa = PBXFileReference; fileEncoding = 4; lastKnownFileType = sourcecode.c.objc; path = "NSAttributeDescription+MagicalDataImport.m"; sourceTree = "<group>"; };
		48E2F44E191385740077A019 /* NSEntityDescription+MagicalDataImport.h */ = {isa = PBXFileReference; fileEncoding = 4; lastKnownFileType = sourcecode.c.h; path = "NSEntityDescription+MagicalDataImport.h"; sourceTree = "<group>"; };
		48E2F44F191385740077A019 /* NSEntityDescription+MagicalDataImport.m */ = {isa = PBXFileReference; fileEncoding = 4; lastKnownFileType = sourcecode.c.objc; path = "NSEntityDescription+MagicalDataImport.m"; sourceTree = "<group>"; };
		48E2F450191385740077A019 /* NSNumber+MagicalDataImport.h */ = {isa = PBXFileReference; fileEncoding = 4; lastKnownFileType = sourcecode.c.h; path = "NSNumber+MagicalDataImport.h"; sourceTree = "<group>"; };
		48E2F451191385740077A019 /* NSNumber+MagicalDataImport.m */ = {isa = PBXFileReference; fileEncoding = 4; lastKnownFileType = sourcecode.c.objc; path = "NSNumber+MagicalDataImport.m"; sourceTree = "<group>"; };
		48E2F452191385740077A019 /* NSObject+MagicalDataImport.h */ = {isa = PBXFileReference; fileEncoding = 4; lastKnownFileType = sourcecode.c.h; path = "NSObject+MagicalDataImport.h"; sourceTree = "<group>"; };
		48E2F453191385740077A019 /* NSObject+MagicalDataImport.m */ = {isa = PBXFileReference; fileEncoding = 4; lastKnownFileType = sourcecode.c.objc; path = "NSObject+MagicalDataImport.m"; sourceTree = "<group>"; };
		48E2F454191385740077A019 /* NSRelationshipDescription+MagicalDataImport.h */ = {isa = PBXFileReference; fileEncoding = 4; lastKnownFileType = sourcecode.c.h; path = "NSRelationshipDescription+MagicalDataImport.h"; sourceTree = "<group>"; };
		48E2F455191385740077A019 /* NSRelationshipDescription+MagicalDataImport.m */ = {isa = PBXFileReference; fileEncoding = 4; lastKnownFileType = sourcecode.c.objc; path = "NSRelationshipDescription+MagicalDataImport.m"; sourceTree = "<group>"; };
		48E2F456191385740077A019 /* NSString+MagicalDataImport.h */ = {isa = PBXFileReference; fileEncoding = 4; lastKnownFileType = sourcecode.c.h; path = "NSString+MagicalDataImport.h"; sourceTree = "<group>"; };
		48E2F457191385740077A019 /* NSString+MagicalDataImport.m */ = {isa = PBXFileReference; fileEncoding = 4; lastKnownFileType = sourcecode.c.objc; path = "NSString+MagicalDataImport.m"; sourceTree = "<group>"; };
		48E2F459191385740077A019 /* NSManagedObject+MagicalAggregation.h */ = {isa = PBXFileReference; fileEncoding = 4; lastKnownFileType = sourcecode.c.h; path = "NSManagedObject+MagicalAggregation.h"; sourceTree = "<group>"; };
		48E2F45A191385740077A019 /* NSManagedObject+MagicalAggregation.m */ = {isa = PBXFileReference; fileEncoding = 4; lastKnownFileType = sourcecode.c.objc; path = "NSManagedObject+MagicalAggregation.m"; sourceTree = "<group>"; };
		48E2F45B191385740077A019 /* NSManagedObject+MagicalDataImport.h */ = {isa = PBXFileReference; fileEncoding = 4; lastKnownFileType = sourcecode.c.h; path = "NSManagedObject+MagicalDataImport.h"; sourceTree = "<group>"; };
		48E2F45C191385740077A019 /* NSManagedObject+MagicalDataImport.m */ = {isa = PBXFileReference; fileEncoding = 4; lastKnownFileType = sourcecode.c.objc; path = "NSManagedObject+MagicalDataImport.m"; sourceTree = "<group>"; };
		48E2F45D191385740077A019 /* NSManagedObject+MagicalFinders.h */ = {isa = PBXFileReference; fileEncoding = 4; lastKnownFileType = sourcecode.c.h; path = "NSManagedObject+MagicalFinders.h"; sourceTree = "<group>"; };
		48E2F45E191385740077A019 /* NSManagedObject+MagicalFinders.m */ = {isa = PBXFileReference; fileEncoding = 4; lastKnownFileType = sourcecode.c.objc; path = "NSManagedObject+MagicalFinders.m"; sourceTree = "<group>"; };
		48E2F45F191385740077A019 /* NSManagedObject+MagicalRecord.h */ = {isa = PBXFileReference; fileEncoding = 4; lastKnownFileType = sourcecode.c.h; path = "NSManagedObject+MagicalRecord.h"; sourceTree = "<group>"; };
		48E2F460191385740077A019 /* NSManagedObject+MagicalRecord.m */ = {isa = PBXFileReference; fileEncoding = 4; lastKnownFileType = sourcecode.c.objc; path = "NSManagedObject+MagicalRecord.m"; sourceTree = "<group>"; };
		48E2F461191385740077A019 /* NSManagedObject+MagicalRequests.h */ = {isa = PBXFileReference; fileEncoding = 4; lastKnownFileType = sourcecode.c.h; path = "NSManagedObject+MagicalRequests.h"; sourceTree = "<group>"; };
		48E2F462191385740077A019 /* NSManagedObject+MagicalRequests.m */ = {isa = PBXFileReference; fileEncoding = 4; lastKnownFileType = sourcecode.c.objc; path = "NSManagedObject+MagicalRequests.m"; sourceTree = "<group>"; };
		48E2F464191385740077A019 /* NSManagedObjectContext+MagicalObserving.h */ = {isa = PBXFileReference; fileEncoding = 4; lastKnownFileType = sourcecode.c.h; path = "NSManagedObjectContext+MagicalObserving.h"; sourceTree = "<group>"; };
		48E2F465191385740077A019 /* NSManagedObjectContext+MagicalObserving.m */ = {isa = PBXFileReference; fileEncoding = 4; lastKnownFileType = sourcecode.c.objc; path = "NSManagedObjectContext+MagicalObserving.m"; sourceTree = "<group>"; };
		48E2F466191385740077A019 /* NSManagedObjectContext+MagicalRecord.h */ = {isa = PBXFileReference; fileEncoding = 4; lastKnownFileType = sourcecode.c.h; path = "NSManagedObjectContext+MagicalRecord.h"; sourceTree = "<group>"; };
		48E2F467191385740077A019 /* NSManagedObjectContext+MagicalRecord.m */ = {isa = PBXFileReference; fileEncoding = 4; lastKnownFileType = sourcecode.c.objc; path = "NSManagedObjectContext+MagicalRecord.m"; sourceTree = "<group>"; };
		48E2F468191385740077A019 /* NSManagedObjectContext+MagicalSaves.h */ = {isa = PBXFileReference; fileEncoding = 4; lastKnownFileType = sourcecode.c.h; path = "NSManagedObjectContext+MagicalSaves.h"; sourceTree = "<group>"; };
		48E2F469191385740077A019 /* NSManagedObjectContext+MagicalSaves.m */ = {isa = PBXFileReference; fileEncoding = 4; lastKnownFileType = sourcecode.c.objc; path = "NSManagedObjectContext+MagicalSaves.m"; sourceTree = "<group>"; };
		48E2F46A191385740077A019 /* NSManagedObjectContext+MagicalThreading.h */ = {isa = PBXFileReference; fileEncoding = 4; lastKnownFileType = sourcecode.c.h; path = "NSManagedObjectContext+MagicalThreading.h"; sourceTree = "<group>"; };
		48E2F46B191385740077A019 /* NSManagedObjectContext+MagicalThreading.m */ = {isa = PBXFileReference; fileEncoding = 4; lastKnownFileType = sourcecode.c.objc; path = "NSManagedObjectContext+MagicalThreading.m"; sourceTree = "<group>"; };
		48E2F46C191385740077A019 /* NSManagedObjectModel+MagicalRecord.h */ = {isa = PBXFileReference; fileEncoding = 4; lastKnownFileType = sourcecode.c.h; path = "NSManagedObjectModel+MagicalRecord.h"; sourceTree = "<group>"; };
		48E2F46D191385740077A019 /* NSManagedObjectModel+MagicalRecord.m */ = {isa = PBXFileReference; fileEncoding = 4; lastKnownFileType = sourcecode.c.objc; path = "NSManagedObjectModel+MagicalRecord.m"; sourceTree = "<group>"; };
		48E2F46E191385740077A019 /* NSPersistentStore+MagicalRecord.h */ = {isa = PBXFileReference; fileEncoding = 4; lastKnownFileType = sourcecode.c.h; path = "NSPersistentStore+MagicalRecord.h"; sourceTree = "<group>"; };
		48E2F46F191385740077A019 /* NSPersistentStore+MagicalRecord.m */ = {isa = PBXFileReference; fileEncoding = 4; lastKnownFileType = sourcecode.c.objc; path = "NSPersistentStore+MagicalRecord.m"; sourceTree = "<group>"; };
		48E2F470191385740077A019 /* NSPersistentStoreCoordinator+MagicalRecord.h */ = {isa = PBXFileReference; fileEncoding = 4; lastKnownFileType = sourcecode.c.h; path = "NSPersistentStoreCoordinator+MagicalRecord.h"; sourceTree = "<group>"; };
		48E2F471191385740077A019 /* NSPersistentStoreCoordinator+MagicalRecord.m */ = {isa = PBXFileReference; fileEncoding = 4; lastKnownFileType = sourcecode.c.objc; path = "NSPersistentStoreCoordinator+MagicalRecord.m"; sourceTree = "<group>"; };
		48E2F473191385740077A019 /* MagicalRecord+Actions.h */ = {isa = PBXFileReference; fileEncoding = 4; lastKnownFileType = sourcecode.c.h; path = "MagicalRecord+Actions.h"; sourceTree = "<group>"; };
		48E2F474191385740077A019 /* MagicalRecord+Actions.m */ = {isa = PBXFileReference; fileEncoding = 4; lastKnownFileType = sourcecode.c.objc; path = "MagicalRecord+Actions.m"; sourceTree = "<group>"; };
		48E2F475191385740077A019 /* MagicalRecord+ErrorHandling.h */ = {isa = PBXFileReference; fileEncoding = 4; lastKnownFileType = sourcecode.c.h; path = "MagicalRecord+ErrorHandling.h"; sourceTree = "<group>"; };
		48E2F476191385740077A019 /* MagicalRecord+ErrorHandling.m */ = {isa = PBXFileReference; fileEncoding = 4; lastKnownFileType = sourcecode.c.objc; path = "MagicalRecord+ErrorHandling.m"; sourceTree = "<group>"; };
		48E2F477191385740077A019 /* MagicalRecord+iCloud.h */ = {isa = PBXFileReference; fileEncoding = 4; lastKnownFileType = sourcecode.c.h; path = "MagicalRecord+iCloud.h"; sourceTree = "<group>"; };
		48E2F478191385740077A019 /* MagicalRecord+iCloud.m */ = {isa = PBXFileReference; fileEncoding = 4; lastKnownFileType = sourcecode.c.objc; path = "MagicalRecord+iCloud.m"; sourceTree = "<group>"; };
		48E2F479191385740077A019 /* MagicalRecord+Options.h */ = {isa = PBXFileReference; fileEncoding = 4; lastKnownFileType = sourcecode.c.h; path = "MagicalRecord+Options.h"; sourceTree = "<group>"; };
		48E2F47A191385740077A019 /* MagicalRecord+Options.m */ = {isa = PBXFileReference; fileEncoding = 4; lastKnownFileType = sourcecode.c.objc; path = "MagicalRecord+Options.m"; sourceTree = "<group>"; };
		48E2F47B191385740077A019 /* MagicalRecord+Setup.h */ = {isa = PBXFileReference; fileEncoding = 4; lastKnownFileType = sourcecode.c.h; path = "MagicalRecord+Setup.h"; sourceTree = "<group>"; };
		48E2F47C191385740077A019 /* MagicalRecord+Setup.m */ = {isa = PBXFileReference; fileEncoding = 4; lastKnownFileType = sourcecode.c.objc; path = "MagicalRecord+Setup.m"; sourceTree = "<group>"; };
		48E2F47D191385740077A019 /* MagicalRecord+ShorthandSupport.h */ = {isa = PBXFileReference; fileEncoding = 4; lastKnownFileType = sourcecode.c.h; path = "MagicalRecord+ShorthandSupport.h"; sourceTree = "<group>"; };
		48E2F47E191385740077A019 /* MagicalRecord+ShorthandSupport.m */ = {isa = PBXFileReference; fileEncoding = 4; lastKnownFileType = sourcecode.c.objc; path = "MagicalRecord+ShorthandSupport.m"; sourceTree = "<group>"; };
		48E2F47F191385740077A019 /* MagicalRecord.h */ = {isa = PBXFileReference; fileEncoding = 4; lastKnownFileType = sourcecode.c.h; path = MagicalRecord.h; sourceTree = "<group>"; };
		48E2F480191385740077A019 /* MagicalRecord.m */ = {isa = PBXFileReference; fileEncoding = 4; lastKnownFileType = sourcecode.c.objc; path = MagicalRecord.m; sourceTree = "<group>"; };
		48E2F481191385740077A019 /* MagicalRecordDeprecated.h */ = {isa = PBXFileReference; fileEncoding = 4; lastKnownFileType = sourcecode.c.h; path = MagicalRecordDeprecated.h; sourceTree = "<group>"; };
		48E2F482191385740077A019 /* MagicalRecordLogging.h */ = {isa = PBXFileReference; fileEncoding = 4; lastKnownFileType = sourcecode.c.h; path = MagicalRecordLogging.h; sourceTree = "<group>"; };
		48E2F483191385740077A019 /* MagicalRecordShorthand.h */ = {isa = PBXFileReference; fileEncoding = 4; lastKnownFileType = sourcecode.c.h; path = MagicalRecordShorthand.h; sourceTree = "<group>"; };
		48E2F484191385740077A019 /* CoreData+MagicalRecord.h */ = {isa = PBXFileReference; fileEncoding = 4; lastKnownFileType = sourcecode.c.h; path = "CoreData+MagicalRecord.h"; sourceTree = "<group>"; };
		48E2F4AB1913A9940077A019 /* DetailCategoryViewController.h */ = {isa = PBXFileReference; fileEncoding = 4; lastKnownFileType = sourcecode.c.h; path = DetailCategoryViewController.h; sourceTree = "<group>"; };
		48E2F4AC1913A9940077A019 /* DetailCategoryViewController.m */ = {isa = PBXFileReference; fileEncoding = 4; lastKnownFileType = sourcecode.c.objc; path = DetailCategoryViewController.m; sourceTree = "<group>"; };
		48E2F4AE1913A9AC0077A019 /* DetailProviderViewController.h */ = {isa = PBXFileReference; fileEncoding = 4; lastKnownFileType = sourcecode.c.h; path = DetailProviderViewController.h; sourceTree = "<group>"; };
		48E2F4AF1913A9AC0077A019 /* DetailProviderViewController.m */ = {isa = PBXFileReference; fileEncoding = 4; lastKnownFileType = sourcecode.c.objc; path = DetailProviderViewController.m; sourceTree = "<group>"; };
		6657AC2E1909664A00775AA3 /* DetailProductViewController.h */ = {isa = PBXFileReference; fileEncoding = 4; lastKnownFileType = sourcecode.c.h; path = DetailProductViewController.h; sourceTree = "<group>"; };
		6657AC2F1909664A00775AA3 /* DetailProductViewController.m */ = {isa = PBXFileReference; fileEncoding = 4; lastKnownFileType = sourcecode.c.objc; path = DetailProductViewController.m; sourceTree = "<group>"; };
		6657AC351909713800775AA3 /* add_camera_icon.png */ = {isa = PBXFileReference; lastKnownFileType = image.png; path = add_camera_icon.png; sourceTree = "<group>"; };
		6657AC361909713800775AA3 /* add_camera_icon@2x.png */ = {isa = PBXFileReference; lastKnownFileType = image.png; path = "add_camera_icon@2x.png"; sourceTree = "<group>"; };
		666C0C4B190503B800260977 /* ManageProduct.app */ = {isa = PBXFileReference; explicitFileType = wrapper.application; includeInIndex = 0; path = ManageProduct.app; sourceTree = BUILT_PRODUCTS_DIR; };
		666C0C4E190503B800260977 /* Foundation.framework */ = {isa = PBXFileReference; lastKnownFileType = wrapper.framework; name = Foundation.framework; path = System/Library/Frameworks/Foundation.framework; sourceTree = SDKROOT; };
		666C0C50190503B800260977 /* CoreGraphics.framework */ = {isa = PBXFileReference; lastKnownFileType = wrapper.framework; name = CoreGraphics.framework; path = System/Library/Frameworks/CoreGraphics.framework; sourceTree = SDKROOT; };
		666C0C52190503B800260977 /* UIKit.framework */ = {isa = PBXFileReference; lastKnownFileType = wrapper.framework; name = UIKit.framework; path = System/Library/Frameworks/UIKit.framework; sourceTree = SDKROOT; };
		666C0C54190503B800260977 /* CoreData.framework */ = {isa = PBXFileReference; lastKnownFileType = wrapper.framework; name = CoreData.framework; path = System/Library/Frameworks/CoreData.framework; sourceTree = SDKROOT; };
		666C0C58190503B800260977 /* ManageProduct-Info.plist */ = {isa = PBXFileReference; lastKnownFileType = text.plist.xml; path = "ManageProduct-Info.plist"; sourceTree = "<group>"; };
		666C0C5A190503B800260977 /* en */ = {isa = PBXFileReference; lastKnownFileType = text.plist.strings; name = en; path = en.lproj/InfoPlist.strings; sourceTree = "<group>"; };
		666C0C5C190503B800260977 /* main.m */ = {isa = PBXFileReference; lastKnownFileType = sourcecode.c.objc; path = main.m; sourceTree = "<group>"; };
		666C0C5E190503B800260977 /* ManageProduct-Prefix.pch */ = {isa = PBXFileReference; lastKnownFileType = sourcecode.c.h; path = "ManageProduct-Prefix.pch"; sourceTree = "<group>"; };
		666C0C5F190503B800260977 /* AppDelegate.h */ = {isa = PBXFileReference; lastKnownFileType = sourcecode.c.h; path = AppDelegate.h; sourceTree = "<group>"; };
		666C0C60190503B800260977 /* AppDelegate.m */ = {isa = PBXFileReference; lastKnownFileType = sourcecode.c.objc; path = AppDelegate.m; sourceTree = "<group>"; };
		666C0C63190503B800260977 /* ManageProduct.xcdatamodel */ = {isa = PBXFileReference; lastKnownFileType = wrapper.xcdatamodel; path = ManageProduct.xcdatamodel; sourceTree = "<group>"; };
		666C0C65190503B800260977 /* Images.xcassets */ = {isa = PBXFileReference; lastKnownFileType = folder.assetcatalog; path = Images.xcassets; sourceTree = "<group>"; };
		666C0C6B190503B900260977 /* ManageProductTests.xctest */ = {isa = PBXFileReference; explicitFileType = wrapper.cfbundle; includeInIndex = 0; path = ManageProductTests.xctest; sourceTree = BUILT_PRODUCTS_DIR; };
		666C0C6C190503B900260977 /* XCTest.framework */ = {isa = PBXFileReference; lastKnownFileType = wrapper.framework; name = XCTest.framework; path = Library/Frameworks/XCTest.framework; sourceTree = DEVELOPER_DIR; };
		666C0C75190503B900260977 /* ManageProductTests-Info.plist */ = {isa = PBXFileReference; lastKnownFileType = text.plist.xml; path = "ManageProductTests-Info.plist"; sourceTree = "<group>"; };
		666C0C77190503B900260977 /* en */ = {isa = PBXFileReference; lastKnownFileType = text.plist.strings; name = en; path = en.lproj/InfoPlist.strings; sourceTree = "<group>"; };
		666C0C79190503B900260977 /* ManageProductTests.m */ = {isa = PBXFileReference; lastKnownFileType = sourcecode.c.objc; path = ManageProductTests.m; sourceTree = "<group>"; };
		666C0C831905105D00260977 /* Storyboard.storyboard */ = {isa = PBXFileReference; fileEncoding = 4; lastKnownFileType = file.storyboard; path = Storyboard.storyboard; sourceTree = "<group>"; };
		669F0766190907BE0085BE94 /* AddProviderViewController.h */ = {isa = PBXFileReference; fileEncoding = 4; lastKnownFileType = sourcecode.c.h; path = AddProviderViewController.h; sourceTree = "<group>"; };
		669F0767190907BE0085BE94 /* AddProviderViewController.m */ = {isa = PBXFileReference; fileEncoding = 4; lastKnownFileType = sourcecode.c.objc; path = AddProviderViewController.m; sourceTree = "<group>"; };
		669F0769190916B40085BE94 /* ProductTableViewController.h */ = {isa = PBXFileReference; fileEncoding = 4; lastKnownFileType = sourcecode.c.h; path = ProductTableViewController.h; sourceTree = "<group>"; };
		669F076A190916B40085BE94 /* ProductTableViewController.m */ = {isa = PBXFileReference; fileEncoding = 4; lastKnownFileType = sourcecode.c.objc; path = ProductTableViewController.m; sourceTree = "<group>"; };
		669F076C190917740085BE94 /* AddProductViewController.h */ = {isa = PBXFileReference; fileEncoding = 4; lastKnownFileType = sourcecode.c.h; path = AddProductViewController.h; sourceTree = "<group>"; };
		669F076D190917740085BE94 /* AddProductViewController.m */ = {isa = PBXFileReference; fileEncoding = 4; lastKnownFileType = sourcecode.c.objc; path = AddProductViewController.m; sourceTree = "<group>"; };
		66CEB7021906A51300E76CD6 /* setting-icon1.png */ = {isa = PBXFileReference; lastKnownFileType = image.png; path = "setting-icon1.png"; sourceTree = SOURCE_ROOT; };
		66CEB72F1906B2D200E76CD6 /* Balloon@2x.png */ = {isa = PBXFileReference; lastKnownFileType = image.png; path = "Balloon@2x.png"; sourceTree = "<group>"; };
		66CEB7301906B2D200E76CD6 /* Default-568h@2x.png */ = {isa = PBXFileReference; lastKnownFileType = image.png; path = "Default-568h@2x.png"; sourceTree = "<group>"; };
		66CEB7311906B2D200E76CD6 /* Default.png */ = {isa = PBXFileReference; lastKnownFileType = image.png; path = Default.png; sourceTree = "<group>"; };
		66CEB7321906B2D200E76CD6 /* Default@2x.png */ = {isa = PBXFileReference; lastKnownFileType = image.png; path = "Default@2x.png"; sourceTree = "<group>"; };
		66CEB7331906B2D200E76CD6 /* Icon_Activity.png */ = {isa = PBXFileReference; lastKnownFileType = image.png; path = Icon_Activity.png; sourceTree = "<group>"; };
		66CEB7341906B2D200E76CD6 /* Icon_Activity@2x.png */ = {isa = PBXFileReference; lastKnownFileType = image.png; path = "Icon_Activity@2x.png"; sourceTree = "<group>"; };
		66CEB7351906B2D200E76CD6 /* Icon_Explore.png */ = {isa = PBXFileReference; lastKnownFileType = image.png; path = Icon_Explore.png; sourceTree = "<group>"; };
		66CEB7361906B2D200E76CD6 /* Icon_Explore@2x.png */ = {isa = PBXFileReference; lastKnownFileType = image.png; path = "Icon_Explore@2x.png"; sourceTree = "<group>"; };
		66CEB7371906B2D200E76CD6 /* Icon_Home.png */ = {isa = PBXFileReference; lastKnownFileType = image.png; path = Icon_Home.png; sourceTree = "<group>"; };
		66CEB7381906B2D200E76CD6 /* Icon_Home@2x.png */ = {isa = PBXFileReference; lastKnownFileType = image.png; path = "Icon_Home@2x.png"; sourceTree = "<group>"; };
		66CEB7391906B2D200E76CD6 /* Icon_Profile.png */ = {isa = PBXFileReference; lastKnownFileType = image.png; path = Icon_Profile.png; sourceTree = "<group>"; };
		66CEB73A1906B2D200E76CD6 /* Icon_Profile@2x.png */ = {isa = PBXFileReference; lastKnownFileType = image.png; path = "Icon_Profile@2x.png"; sourceTree = "<group>"; };
		66CEB7561906D74A00E76CD6 /* AccessKey.h */ = {isa = PBXFileReference; fileEncoding = 4; lastKnownFileType = sourcecode.c.h; path = AccessKey.h; sourceTree = "<group>"; };
		66CEB7571906D74A00E76CD6 /* AccessKey.m */ = {isa = PBXFileReference; fileEncoding = 4; lastKnownFileType = sourcecode.c.objc; path = AccessKey.m; sourceTree = "<group>"; };
		66CEB7621906E53E00E76CD6 /* ProviderTableViewController.h */ = {isa = PBXFileReference; fileEncoding = 4; lastKnownFileType = sourcecode.c.h; path = ProviderTableViewController.h; sourceTree = "<group>"; };
		66CEB7631906E53E00E76CD6 /* ProviderTableViewController.m */ = {isa = PBXFileReference; fileEncoding = 4; lastKnownFileType = sourcecode.c.objc; path = ProviderTableViewController.m; sourceTree = "<group>"; };
		66E52FB819073DD70011AE62 /* AddCategoryViewController.h */ = {isa = PBXFileReference; fileEncoding = 4; lastKnownFileType = sourcecode.c.h; path = AddCategoryViewController.h; sourceTree = "<group>"; };
		66E52FB919073DD70011AE62 /* AddCategoryViewController.m */ = {isa = PBXFileReference; fileEncoding = 4; lastKnownFileType = sourcecode.c.objc; path = AddCategoryViewController.m; sourceTree = "<group>"; };
/* End PBXFileReference section */

/* Begin PBXFrameworksBuildPhase section */
		666C0C48190503B800260977 /* Frameworks */ = {
			isa = PBXFrameworksBuildPhase;
			buildActionMask = 2147483647;
			files = (
				666C0C51190503B800260977 /* CoreGraphics.framework in Frameworks */,
				666C0C55190503B800260977 /* CoreData.framework in Frameworks */,
				666C0C53190503B800260977 /* UIKit.framework in Frameworks */,
				666C0C4F190503B800260977 /* Foundation.framework in Frameworks */,
			);
			runOnlyForDeploymentPostprocessing = 0;
		};
		666C0C68190503B900260977 /* Frameworks */ = {
			isa = PBXFrameworksBuildPhase;
			buildActionMask = 2147483647;
			files = (
				666C0C6D190503B900260977 /* XCTest.framework in Frameworks */,
				666C0C70190503B900260977 /* CoreData.framework in Frameworks */,
				666C0C6F190503B900260977 /* UIKit.framework in Frameworks */,
				666C0C6E190503B900260977 /* Foundation.framework in Frameworks */,
			);
			runOnlyForDeploymentPostprocessing = 0;
		};
/* End PBXFrameworksBuildPhase section */

/* Begin PBXGroup section */
		48E2F447191385740077A019 /* MagicalRecord */ = {
			isa = PBXGroup;
			children = (
				48E2F448191385740077A019 /* Categories */,
				48E2F472191385740077A019 /* Core */,
				48E2F484191385740077A019 /* CoreData+MagicalRecord.h */,
			);
			path = MagicalRecord;
			sourceTree = "<group>";
		};
		48E2F448191385740077A019 /* Categories */ = {
			isa = PBXGroup;
			children = (
				48E2F449191385740077A019 /* DataImport */,
				48E2F458191385740077A019 /* NSManagedObject */,
				48E2F463191385740077A019 /* NSManagedObjectContext */,
				48E2F46C191385740077A019 /* NSManagedObjectModel+MagicalRecord.h */,
				48E2F46D191385740077A019 /* NSManagedObjectModel+MagicalRecord.m */,
				48E2F46E191385740077A019 /* NSPersistentStore+MagicalRecord.h */,
				48E2F46F191385740077A019 /* NSPersistentStore+MagicalRecord.m */,
				48E2F470191385740077A019 /* NSPersistentStoreCoordinator+MagicalRecord.h */,
				48E2F471191385740077A019 /* NSPersistentStoreCoordinator+MagicalRecord.m */,
			);
			path = Categories;
			sourceTree = "<group>";
		};
		48E2F449191385740077A019 /* DataImport */ = {
			isa = PBXGroup;
			children = (
				48E2F44A191385740077A019 /* MagicalImportFunctions.h */,
				48E2F44B191385740077A019 /* MagicalImportFunctions.m */,
				48E2F44C191385740077A019 /* NSAttributeDescription+MagicalDataImport.h */,
				48E2F44D191385740077A019 /* NSAttributeDescription+MagicalDataImport.m */,
				48E2F44E191385740077A019 /* NSEntityDescription+MagicalDataImport.h */,
				48E2F44F191385740077A019 /* NSEntityDescription+MagicalDataImport.m */,
				48E2F450191385740077A019 /* NSNumber+MagicalDataImport.h */,
				48E2F451191385740077A019 /* NSNumber+MagicalDataImport.m */,
				48E2F452191385740077A019 /* NSObject+MagicalDataImport.h */,
				48E2F453191385740077A019 /* NSObject+MagicalDataImport.m */,
				48E2F454191385740077A019 /* NSRelationshipDescription+MagicalDataImport.h */,
				48E2F455191385740077A019 /* NSRelationshipDescription+MagicalDataImport.m */,
				48E2F456191385740077A019 /* NSString+MagicalDataImport.h */,
				48E2F457191385740077A019 /* NSString+MagicalDataImport.m */,
			);
			path = DataImport;
			sourceTree = "<group>";
		};
		48E2F458191385740077A019 /* NSManagedObject */ = {
			isa = PBXGroup;
			children = (
				48E2F459191385740077A019 /* NSManagedObject+MagicalAggregation.h */,
				48E2F45A191385740077A019 /* NSManagedObject+MagicalAggregation.m */,
				48E2F45B191385740077A019 /* NSManagedObject+MagicalDataImport.h */,
				48E2F45C191385740077A019 /* NSManagedObject+MagicalDataImport.m */,
				48E2F45D191385740077A019 /* NSManagedObject+MagicalFinders.h */,
				48E2F45E191385740077A019 /* NSManagedObject+MagicalFinders.m */,
				48E2F45F191385740077A019 /* NSManagedObject+MagicalRecord.h */,
				48E2F460191385740077A019 /* NSManagedObject+MagicalRecord.m */,
				48E2F461191385740077A019 /* NSManagedObject+MagicalRequests.h */,
				48E2F462191385740077A019 /* NSManagedObject+MagicalRequests.m */,
			);
			path = NSManagedObject;
			sourceTree = "<group>";
		};
		48E2F463191385740077A019 /* NSManagedObjectContext */ = {
			isa = PBXGroup;
			children = (
				48E2F464191385740077A019 /* NSManagedObjectContext+MagicalObserving.h */,
				48E2F465191385740077A019 /* NSManagedObjectContext+MagicalObserving.m */,
				48E2F466191385740077A019 /* NSManagedObjectContext+MagicalRecord.h */,
				48E2F467191385740077A019 /* NSManagedObjectContext+MagicalRecord.m */,
				48E2F468191385740077A019 /* NSManagedObjectContext+MagicalSaves.h */,
				48E2F469191385740077A019 /* NSManagedObjectContext+MagicalSaves.m */,
				48E2F46A191385740077A019 /* NSManagedObjectContext+MagicalThreading.h */,
				48E2F46B191385740077A019 /* NSManagedObjectContext+MagicalThreading.m */,
			);
			path = NSManagedObjectContext;
			sourceTree = "<group>";
		};
		48E2F472191385740077A019 /* Core */ = {
			isa = PBXGroup;
			children = (
				48E2F473191385740077A019 /* MagicalRecord+Actions.h */,
				48E2F474191385740077A019 /* MagicalRecord+Actions.m */,
				48E2F475191385740077A019 /* MagicalRecord+ErrorHandling.h */,
				48E2F476191385740077A019 /* MagicalRecord+ErrorHandling.m */,
				48E2F477191385740077A019 /* MagicalRecord+iCloud.h */,
				48E2F478191385740077A019 /* MagicalRecord+iCloud.m */,
				48E2F479191385740077A019 /* MagicalRecord+Options.h */,
				48E2F47A191385740077A019 /* MagicalRecord+Options.m */,
				48E2F47B191385740077A019 /* MagicalRecord+Setup.h */,
				48E2F47C191385740077A019 /* MagicalRecord+Setup.m */,
				48E2F47D191385740077A019 /* MagicalRecord+ShorthandSupport.h */,
				48E2F47E191385740077A019 /* MagicalRecord+ShorthandSupport.m */,
				48E2F47F191385740077A019 /* MagicalRecord.h */,
				48E2F480191385740077A019 /* MagicalRecord.m */,
				48E2F481191385740077A019 /* MagicalRecordDeprecated.h */,
				48E2F482191385740077A019 /* MagicalRecordLogging.h */,
				48E2F483191385740077A019 /* MagicalRecordShorthand.h */,
			);
			path = Core;
			sourceTree = "<group>";
		};
		6657AC2C19094CEF00775AA3 /* AddItem */ = {
			isa = PBXGroup;
			children = (
				66E52FB819073DD70011AE62 /* AddCategoryViewController.h */,
				66E52FB919073DD70011AE62 /* AddCategoryViewController.m */,
				669F076C190917740085BE94 /* AddProductViewController.h */,
				669F076D190917740085BE94 /* AddProductViewController.m */,
				669F0766190907BE0085BE94 /* AddProviderViewController.h */,
				669F0767190907BE0085BE94 /* AddProviderViewController.m */,
			);
			name = AddItem;
			sourceTree = "<group>";
		};
		6657AC2D19094D0700775AA3 /* ListView */ = {
			isa = PBXGroup;
			children = (
				483FEE8319067E7700B23141 /* CategoryTableViewController.h */,
				483FEE8419067E7700B23141 /* CategoryTableViewController.m */,
				669F0769190916B40085BE94 /* ProductTableViewController.h */,
				669F076A190916B40085BE94 /* ProductTableViewController.m */,
				66CEB7621906E53E00E76CD6 /* ProviderTableViewController.h */,
				66CEB7631906E53E00E76CD6 /* ProviderTableViewController.m */,
			);
			name = ListView;
			sourceTree = "<group>";
		};
		6657AC311909665000775AA3 /* Controller */ = {
			isa = PBXGroup;
			children = (
				6657AC2C19094CEF00775AA3 /* AddItem */,
				6657AC321909666500775AA3 /* Detail */,
				6657AC2D19094D0700775AA3 /* ListView */,
			);
			name = Controller;
			sourceTree = "<group>";
		};
		6657AC321909666500775AA3 /* Detail */ = {
			isa = PBXGroup;
			children = (
				6657AC2E1909664A00775AA3 /* DetailProductViewController.h */,
				6657AC2F1909664A00775AA3 /* DetailProductViewController.m */,
				48E2F4AB1913A9940077A019 /* DetailCategoryViewController.h */,
				48E2F4AC1913A9940077A019 /* DetailCategoryViewController.m */,
				48E2F4AE1913A9AC0077A019 /* DetailProviderViewController.h */,
				48E2F4AF1913A9AC0077A019 /* DetailProviderViewController.m */,
			);
			name = Detail;
			sourceTree = "<group>";
		};
		6657AC331909670500775AA3 /* Data */ = {
			isa = PBXGroup;
			children = (
				66CEB7561906D74A00E76CD6 /* AccessKey.h */,
				66CEB7571906D74A00E76CD6 /* AccessKey.m */,
				6657AC341909670D00775AA3 /* Entities */,
				666C0C62190503B800260977 /* ManageProduct.xcdatamodeld */,
			);
			name = Data;
			sourceTree = "<group>";
		};
		6657AC341909670D00775AA3 /* Entities */ = {
			isa = PBXGroup;
			children = (
				483A75131915458E00E7BA38 /* XCategory.h */,
				483A75141915458E00E7BA38 /* XCategory.m */,
				483A75101915458E00E7BA38 /* XProvider.h */,
				483A75111915458E00E7BA38 /* XProvider.m */,
				483A750D1915458D00E7BA38 /* XProduct.h */,
				483A750E1915458D00E7BA38 /* XProduct.m */,
			);
			name = Entities;
			sourceTree = "<group>";
		};
		666C0C42190503B800260977 = {
			isa = PBXGroup;
			children = (
				666C0C4D190503B800260977 /* Frameworks */,
				48E2F447191385740077A019 /* MagicalRecord */,
				666C0C56190503B800260977 /* ManageProduct */,
				666C0C73190503B900260977 /* ManageProductTests */,
				666C0C4C190503B800260977 /* Products */,
			);
			sourceTree = "<group>";
		};
		666C0C4C190503B800260977 /* Products */ = {
			isa = PBXGroup;
			children = (
				666C0C4B190503B800260977 /* ManageProduct.app */,
				666C0C6B190503B900260977 /* ManageProductTests.xctest */,
			);
			name = Products;
			sourceTree = "<group>";
		};
		666C0C4D190503B800260977 /* Frameworks */ = {
			isa = PBXGroup;
			children = (
				666C0C4E190503B800260977 /* Foundation.framework */,
				666C0C50190503B800260977 /* CoreGraphics.framework */,
				666C0C52190503B800260977 /* UIKit.framework */,
				666C0C54190503B800260977 /* CoreData.framework */,
				666C0C6C190503B900260977 /* XCTest.framework */,
			);
			name = Frameworks;
			sourceTree = "<group>";
		};
		666C0C56190503B800260977 /* ManageProduct */ = {
			isa = PBXGroup;
			children = (
				666C0C5F190503B800260977 /* AppDelegate.h */,
				666C0C60190503B800260977 /* AppDelegate.m */,
				6657AC311909665000775AA3 /* Controller */,
				6657AC331909670500775AA3 /* Data */,
				666C0C65190503B800260977 /* Images.xcassets */,
				666C0C831905105D00260977 /* Storyboard.storyboard */,
				666C0C57190503B800260977 /* Supporting Files */,
			);
			path = ManageProduct;
			sourceTree = "<group>";
		};
		666C0C57190503B800260977 /* Supporting Files */ = {
			isa = PBXGroup;
			children = (
				66CEB72E1906B2B900E76CD6 /* Images */,
				666C0C58190503B800260977 /* ManageProduct-Info.plist */,
				666C0C59190503B800260977 /* InfoPlist.strings */,
				666C0C5C190503B800260977 /* main.m */,
				666C0C5E190503B800260977 /* ManageProduct-Prefix.pch */,
			);
			name = "Supporting Files";
			sourceTree = "<group>";
		};
		666C0C73190503B900260977 /* ManageProductTests */ = {
			isa = PBXGroup;
			children = (
				666C0C79190503B900260977 /* ManageProductTests.m */,
				666C0C74190503B900260977 /* Supporting Files */,
			);
			path = ManageProductTests;
			sourceTree = "<group>";
		};
		666C0C74190503B900260977 /* Supporting Files */ = {
			isa = PBXGroup;
			children = (
				666C0C75190503B900260977 /* ManageProductTests-Info.plist */,
				666C0C76190503B900260977 /* InfoPlist.strings */,
			);
			name = "Supporting Files";
			sourceTree = "<group>";
		};
		66CEB72E1906B2B900E76CD6 /* Images */ = {
			isa = PBXGroup;
			children = (
				6657AC351909713800775AA3 /* add_camera_icon.png */,
				6657AC361909713800775AA3 /* add_camera_icon@2x.png */,
				66CEB72F1906B2D200E76CD6 /* Balloon@2x.png */,
				66CEB7301906B2D200E76CD6 /* Default-568h@2x.png */,
				66CEB7311906B2D200E76CD6 /* Default.png */,
				66CEB7321906B2D200E76CD6 /* Default@2x.png */,
				66CEB7331906B2D200E76CD6 /* Icon_Activity.png */,
				66CEB7341906B2D200E76CD6 /* Icon_Activity@2x.png */,
				66CEB7351906B2D200E76CD6 /* Icon_Explore.png */,
				66CEB7361906B2D200E76CD6 /* Icon_Explore@2x.png */,
				66CEB7371906B2D200E76CD6 /* Icon_Home.png */,
				66CEB7381906B2D200E76CD6 /* Icon_Home@2x.png */,
				66CEB7391906B2D200E76CD6 /* Icon_Profile.png */,
				66CEB73A1906B2D200E76CD6 /* Icon_Profile@2x.png */,
				66CEB7021906A51300E76CD6 /* setting-icon1.png */,
			);
			name = Images;
			sourceTree = "<group>";
		};
/* End PBXGroup section */

/* Begin PBXNativeTarget section */
		666C0C4A190503B800260977 /* ManageProduct */ = {
			isa = PBXNativeTarget;
			buildConfigurationList = 666C0C7D190503B900260977 /* Build configuration list for PBXNativeTarget "ManageProduct" */;
			buildPhases = (
				666C0C47190503B800260977 /* Sources */,
				666C0C48190503B800260977 /* Frameworks */,
				666C0C49190503B800260977 /* Resources */,
			);
			buildRules = (
			);
			dependencies = (
			);
			name = ManageProduct;
			productName = ManageProduct;
			productReference = 666C0C4B190503B800260977 /* ManageProduct.app */;
			productType = "com.apple.product-type.application";
		};
		666C0C6A190503B900260977 /* ManageProductTests */ = {
			isa = PBXNativeTarget;
			buildConfigurationList = 666C0C80190503B900260977 /* Build configuration list for PBXNativeTarget "ManageProductTests" */;
			buildPhases = (
				666C0C67190503B900260977 /* Sources */,
				666C0C68190503B900260977 /* Frameworks */,
				666C0C69190503B900260977 /* Resources */,
			);
			buildRules = (
			);
			dependencies = (
				666C0C72190503B900260977 /* PBXTargetDependency */,
			);
			name = ManageProductTests;
			productName = ManageProductTests;
			productReference = 666C0C6B190503B900260977 /* ManageProductTests.xctest */;
			productType = "com.apple.product-type.bundle.unit-test";
		};
/* End PBXNativeTarget section */

/* Begin PBXProject section */
		666C0C43190503B800260977 /* Project object */ = {
			isa = PBXProject;
			attributes = {
				LastUpgradeCheck = 0510;
				ORGANIZATIONNAME = MAC;
				TargetAttributes = {
					666C0C6A190503B900260977 = {
						TestTargetID = 666C0C4A190503B800260977;
					};
				};
			};
			buildConfigurationList = 666C0C46190503B800260977 /* Build configuration list for PBXProject "ManageProduct" */;
			compatibilityVersion = "Xcode 3.2";
			developmentRegion = English;
			hasScannedForEncodings = 0;
			knownRegions = (
				en,
			);
			mainGroup = 666C0C42190503B800260977;
			productRefGroup = 666C0C4C190503B800260977 /* Products */;
			projectDirPath = "";
			projectRoot = "";
			targets = (
				666C0C4A190503B800260977 /* ManageProduct */,
				666C0C6A190503B900260977 /* ManageProductTests */,
			);
		};
/* End PBXProject section */

/* Begin PBXResourcesBuildPhase section */
		666C0C49190503B800260977 /* Resources */ = {
			isa = PBXResourcesBuildPhase;
			buildActionMask = 2147483647;
			files = (
				66CEB7441906B2D200E76CD6 /* Icon_Home@2x.png in Resources */,
				6657AC371909713800775AA3 /* add_camera_icon.png in Resources */,
				66CEB73E1906B2D200E76CD6 /* Default@2x.png in Resources */,
				66CEB73F1906B2D200E76CD6 /* Icon_Activity.png in Resources */,
				666C0C5B190503B800260977 /* InfoPlist.strings in Resources */,
				66CEB7451906B2D200E76CD6 /* Icon_Profile.png in Resources */,
				66CEB7421906B2D200E76CD6 /* Icon_Explore@2x.png in Resources */,
				66CEB7031906A51300E76CD6 /* setting-icon1.png in Resources */,
				66CEB73B1906B2D200E76CD6 /* Balloon@2x.png in Resources */,
				66CEB7411906B2D200E76CD6 /* Icon_Explore.png in Resources */,
				66CEB7461906B2D200E76CD6 /* Icon_Profile@2x.png in Resources */,
				666C0C66190503B800260977 /* Images.xcassets in Resources */,
				66CEB7401906B2D200E76CD6 /* Icon_Activity@2x.png in Resources */,
				66CEB73D1906B2D200E76CD6 /* Default.png in Resources */,
				6657AC381909713800775AA3 /* add_camera_icon@2x.png in Resources */,
				66CEB7431906B2D200E76CD6 /* Icon_Home.png in Resources */,
				666C0C841905105E00260977 /* Storyboard.storyboard in Resources */,
				66CEB73C1906B2D200E76CD6 /* Default-568h@2x.png in Resources */,
			);
			runOnlyForDeploymentPostprocessing = 0;
		};
		666C0C69190503B900260977 /* Resources */ = {
			isa = PBXResourcesBuildPhase;
			buildActionMask = 2147483647;
			files = (
				666C0C78190503B900260977 /* InfoPlist.strings in Resources */,
			);
			runOnlyForDeploymentPostprocessing = 0;
		};
/* End PBXResourcesBuildPhase section */

/* Begin PBXSourcesBuildPhase section */
		666C0C47190503B800260977 /* Sources */ = {
			isa = PBXSourcesBuildPhase;
			buildActionMask = 2147483647;
			files = (
				48E2F4AD1913A9940077A019 /* DetailCategoryViewController.m in Sources */,
				669F0768190907BE0085BE94 /* AddProviderViewController.m in Sources */,
				48E2F48E191385740077A019 /* NSManagedObject+MagicalFinders.m in Sources */,
				66CEB7581906D74A00E76CD6 /* AccessKey.m in Sources */,
				48E2F48B191385740077A019 /* NSString+MagicalDataImport.m in Sources */,
				48E2F49A191385740077A019 /* MagicalRecord+iCloud.m in Sources */,
				48E2F48C191385740077A019 /* NSManagedObject+MagicalAggregation.m in Sources */,
				48E2F485191385740077A019 /* MagicalImportFunctions.m in Sources */,
				48E2F489191385740077A019 /* NSObject+MagicalDataImport.m in Sources */,
				48E2F48D191385740077A019 /* NSManagedObject+MagicalDataImport.m in Sources */,
				48E2F48F191385740077A019 /* NSManagedObject+MagicalRecord.m in Sources */,
				48E2F49B191385740077A019 /* MagicalRecord+Options.m in Sources */,
				483A750F1915458D00E7BA38 /* XProduct.m in Sources */,
				48E2F499191385740077A019 /* MagicalRecord+ErrorHandling.m in Sources */,
				666C0C61190503B800260977 /* AppDelegate.m in Sources */,
				48E2F492191385740077A019 /* NSManagedObjectContext+MagicalRecord.m in Sources */,
				48E2F498191385740077A019 /* MagicalRecord+Actions.m in Sources */,
				48E2F49C191385740077A019 /* MagicalRecord+Setup.m in Sources */,
				48E2F496191385740077A019 /* NSPersistentStore+MagicalRecord.m in Sources */,
				48E2F487191385740077A019 /* NSEntityDescription+MagicalDataImport.m in Sources */,
				669F076B190916B40085BE94 /* ProductTableViewController.m in Sources */,
				48E2F491191385740077A019 /* NSManagedObjectContext+MagicalObserving.m in Sources */,
				483FEE8519067E7700B23141 /* CategoryTableViewController.m in Sources */,
				48E2F49E191385740077A019 /* MagicalRecord.m in Sources */,
				66E52FBA19073DD70011AE62 /* AddCategoryViewController.m in Sources */,
				48E2F497191385740077A019 /* NSPersistentStoreCoordinator+MagicalRecord.m in Sources */,
				48E2F4B01913A9AC0077A019 /* DetailProviderViewController.m in Sources */,
				483A75121915458E00E7BA38 /* XProvider.m in Sources */,
				48E2F493191385740077A019 /* NSManagedObjectContext+MagicalSaves.m in Sources */,
				48E2F48A191385740077A019 /* NSRelationshipDescription+MagicalDataImport.m in Sources */,
				48E2F495191385740077A019 /* NSManagedObjectModel+MagicalRecord.m in Sources */,
				48E2F494191385740077A019 /* NSManagedObjectContext+MagicalThreading.m in Sources */,
				48E2F49D191385740077A019 /* MagicalRecord+ShorthandSupport.m in Sources */,
				6657AC301909664A00775AA3 /* DetailProductViewController.m in Sources */,
				48E2F486191385740077A019 /* NSAttributeDescription+MagicalDataImport.m in Sources */,
				666C0C64190503B800260977 /* ManageProduct.xcdatamodeld in Sources */,
				66CEB7641906E53E00E76CD6 /* ProviderTableViewController.m in Sources */,
				669F076E190917740085BE94 /* AddProductViewController.m in Sources */,
				483A75151915458E00E7BA38 /* XCategory.m in Sources */,
				666C0C5D190503B800260977 /* main.m in Sources */,
				48E2F490191385740077A019 /* NSManagedObject+MagicalRequests.m in Sources */,
				48E2F488191385740077A019 /* NSNumber+MagicalDataImport.m in Sources */,
			);
			runOnlyForDeploymentPostprocessing = 0;
		};
		666C0C67190503B900260977 /* Sources */ = {
			isa = PBXSourcesBuildPhase;
			buildActionMask = 2147483647;
			files = (
				666C0C7A190503B900260977 /* ManageProductTests.m in Sources */,
			);
			runOnlyForDeploymentPostprocessing = 0;
		};
/* End PBXSourcesBuildPhase section */

/* Begin PBXTargetDependency section */
		666C0C72190503B900260977 /* PBXTargetDependency */ = {
			isa = PBXTargetDependency;
			target = 666C0C4A190503B800260977 /* ManageProduct */;
			targetProxy = 666C0C71190503B900260977 /* PBXContainerItemProxy */;
		};
/* End PBXTargetDependency section */

/* Begin PBXVariantGroup section */
		666C0C59190503B800260977 /* InfoPlist.strings */ = {
			isa = PBXVariantGroup;
			children = (
				666C0C5A190503B800260977 /* en */,
			);
			name = InfoPlist.strings;
			sourceTree = "<group>";
		};
		666C0C76190503B900260977 /* InfoPlist.strings */ = {
			isa = PBXVariantGroup;
			children = (
				666C0C77190503B900260977 /* en */,
			);
			name = InfoPlist.strings;
			sourceTree = "<group>";
		};
/* End PBXVariantGroup section */

/* Begin XCBuildConfiguration section */
		666C0C7B190503B900260977 /* Debug */ = {
			isa = XCBuildConfiguration;
			buildSettings = {
				ALWAYS_SEARCH_USER_PATHS = NO;
				CLANG_CXX_LANGUAGE_STANDARD = "gnu++0x";
				CLANG_CXX_LIBRARY = "libc++";
				CLANG_ENABLE_MODULES = YES;
				CLANG_ENABLE_OBJC_ARC = YES;
				CLANG_WARN_BOOL_CONVERSION = YES;
				CLANG_WARN_CONSTANT_CONVERSION = YES;
				CLANG_WARN_DIRECT_OBJC_ISA_USAGE = YES_ERROR;
				CLANG_WARN_EMPTY_BODY = YES;
				CLANG_WARN_ENUM_CONVERSION = YES;
				CLANG_WARN_INT_CONVERSION = YES;
				CLANG_WARN_OBJC_ROOT_CLASS = YES_ERROR;
				CLANG_WARN__DUPLICATE_METHOD_MATCH = YES;
				"CODE_SIGN_IDENTITY[sdk=iphoneos*]" = "iPhone Developer";
				COPY_PHASE_STRIP = NO;
				GCC_C_LANGUAGE_STANDARD = gnu99;
				GCC_DYNAMIC_NO_PIC = NO;
				GCC_OPTIMIZATION_LEVEL = 0;
				GCC_PREPROCESSOR_DEFINITIONS = (
					"DEBUG=1",
					"$(inherited)",
				);
				GCC_SYMBOLS_PRIVATE_EXTERN = NO;
				GCC_WARN_64_TO_32_BIT_CONVERSION = YES;
				GCC_WARN_ABOUT_RETURN_TYPE = YES_ERROR;
				GCC_WARN_UNDECLARED_SELECTOR = YES;
				GCC_WARN_UNINITIALIZED_AUTOS = YES;
				GCC_WARN_UNUSED_FUNCTION = YES;
				GCC_WARN_UNUSED_VARIABLE = YES;
				IPHONEOS_DEPLOYMENT_TARGET = 7.0;
				ONLY_ACTIVE_ARCH = YES;
				SDKROOT = iphoneos;
			};
			name = Debug;
		};
		666C0C7C190503B900260977 /* Release */ = {
			isa = XCBuildConfiguration;
			buildSettings = {
				ALWAYS_SEARCH_USER_PATHS = NO;
				CLANG_CXX_LANGUAGE_STANDARD = "gnu++0x";
				CLANG_CXX_LIBRARY = "libc++";
				CLANG_ENABLE_MODULES = YES;
				CLANG_ENABLE_OBJC_ARC = YES;
				CLANG_WARN_BOOL_CONVERSION = YES;
				CLANG_WARN_CONSTANT_CONVERSION = YES;
				CLANG_WARN_DIRECT_OBJC_ISA_USAGE = YES_ERROR;
				CLANG_WARN_EMPTY_BODY = YES;
				CLANG_WARN_ENUM_CONVERSION = YES;
				CLANG_WARN_INT_CONVERSION = YES;
				CLANG_WARN_OBJC_ROOT_CLASS = YES_ERROR;
				CLANG_WARN__DUPLICATE_METHOD_MATCH = YES;
				"CODE_SIGN_IDENTITY[sdk=iphoneos*]" = "iPhone Developer";
				COPY_PHASE_STRIP = YES;
				ENABLE_NS_ASSERTIONS = NO;
				GCC_C_LANGUAGE_STANDARD = gnu99;
				GCC_WARN_64_TO_32_BIT_CONVERSION = YES;
				GCC_WARN_ABOUT_RETURN_TYPE = YES_ERROR;
				GCC_WARN_UNDECLARED_SELECTOR = YES;
				GCC_WARN_UNINITIALIZED_AUTOS = YES;
				GCC_WARN_UNUSED_FUNCTION = YES;
				GCC_WARN_UNUSED_VARIABLE = YES;
				IPHONEOS_DEPLOYMENT_TARGET = 7.0;
				SDKROOT = iphoneos;
				VALIDATE_PRODUCT = YES;
			};
			name = Release;
		};
		666C0C7E190503B900260977 /* Debug */ = {
			isa = XCBuildConfiguration;
			buildSettings = {
				ASSETCATALOG_COMPILER_APPICON_NAME = AppIcon;
				ASSETCATALOG_COMPILER_LAUNCHIMAGE_NAME = LaunchImage;
				CODE_SIGN_IDENTITY = k15bhahaha;
				GCC_PRECOMPILE_PREFIX_HEADER = YES;
				GCC_PREFIX_HEADER = "ManageProduct/ManageProduct-Prefix.pch";
				INFOPLIST_FILE = "ManageProduct/ManageProduct-Info.plist";
				IPHONEOS_DEPLOYMENT_TARGET = 6.0;
				OTHER_CODE_SIGN_FLAGS = "-gta";
				PRODUCT_NAME = "$(TARGET_NAME)";
				WRAPPER_EXTENSION = app;
			};
			name = Debug;
		};
		666C0C7F190503B900260977 /* Release */ = {
			isa = XCBuildConfiguration;
			buildSettings = {
				ASSETCATALOG_COMPILER_APPICON_NAME = AppIcon;
				ASSETCATALOG_COMPILER_LAUNCHIMAGE_NAME = LaunchImage;
				CODE_SIGN_IDENTITY = k15bhahaha;
				GCC_PRECOMPILE_PREFIX_HEADER = YES;
				GCC_PREFIX_HEADER = "ManageProduct/ManageProduct-Prefix.pch";
				INFOPLIST_FILE = "ManageProduct/ManageProduct-Info.plist";
				IPHONEOS_DEPLOYMENT_TARGET = 6.0;
				OTHER_CODE_SIGN_FLAGS = "-gta";
				PRODUCT_NAME = "$(TARGET_NAME)";
				WRAPPER_EXTENSION = app;
			};
			name = Release;
		};
		666C0C81190503B900260977 /* Debug */ = {
			isa = XCBuildConfiguration;
			buildSettings = {
				BUNDLE_LOADER = "$(BUILT_PRODUCTS_DIR)/ManageProduct.app/ManageProduct";
				FRAMEWORK_SEARCH_PATHS = (
					"$(SDKROOT)/Developer/Library/Frameworks",
					"$(inherited)",
					"$(DEVELOPER_FRAMEWORKS_DIR)",
				);
				GCC_PRECOMPILE_PREFIX_HEADER = YES;
				GCC_PREFIX_HEADER = "ManageProduct/ManageProduct-Prefix.pch";
				GCC_PREPROCESSOR_DEFINITIONS = (
					"DEBUG=1",
					"$(inherited)",
				);
				INFOPLIST_FILE = "ManageProductTests/ManageProductTests-Info.plist";
				PRODUCT_NAME = "$(TARGET_NAME)";
				TEST_HOST = "$(BUNDLE_LOADER)";
				WRAPPER_EXTENSION = xctest;
			};
			name = Debug;
		};
		666C0C82190503B900260977 /* Release */ = {
			isa = XCBuildConfiguration;
			buildSettings = {
				BUNDLE_LOADER = "$(BUILT_PRODUCTS_DIR)/ManageProduct.app/ManageProduct";
				FRAMEWORK_SEARCH_PATHS = (
					"$(SDKROOT)/Developer/Library/Frameworks",
					"$(inherited)",
					"$(DEVELOPER_FRAMEWORKS_DIR)",
				);
				GCC_PRECOMPILE_PREFIX_HEADER = YES;
				GCC_PREFIX_HEADER = "ManageProduct/ManageProduct-Prefix.pch";
				INFOPLIST_FILE = "ManageProductTests/ManageProductTests-Info.plist";
				PRODUCT_NAME = "$(TARGET_NAME)";
				TEST_HOST = "$(BUNDLE_LOADER)";
				WRAPPER_EXTENSION = xctest;
			};
			name = Release;
		};
/* End XCBuildConfiguration section */

/* Begin XCConfigurationList section */
		666C0C46190503B800260977 /* Build configuration list for PBXProject "ManageProduct" */ = {
			isa = XCConfigurationList;
			buildConfigurations = (
				666C0C7B190503B900260977 /* Debug */,
				666C0C7C190503B900260977 /* Release */,
			);
			defaultConfigurationIsVisible = 0;
			defaultConfigurationName = Release;
		};
		666C0C7D190503B900260977 /* Build configuration list for PBXNativeTarget "ManageProduct" */ = {
			isa = XCConfigurationList;
			buildConfigurations = (
				666C0C7E190503B900260977 /* Debug */,
				666C0C7F190503B900260977 /* Release */,
			);
			defaultConfigurationIsVisible = 0;
			defaultConfigurationName = Release;
		};
		666C0C80190503B900260977 /* Build configuration list for PBXNativeTarget "ManageProductTests" */ = {
			isa = XCConfigurationList;
			buildConfigurations = (
				666C0C81190503B900260977 /* Debug */,
				666C0C82190503B900260977 /* Release */,
			);
			defaultConfigurationIsVisible = 0;
			defaultConfigurationName = Release;
		};
/* End XCConfigurationList section */

/* Begin XCVersionGroup section */
		666C0C62190503B800260977 /* ManageProduct.xcdatamodeld */ = {
			isa = XCVersionGroup;
			children = (
				666C0C63190503B800260977 /* ManageProduct.xcdatamodel */,
			);
			currentVersion = 666C0C63190503B800260977 /* ManageProduct.xcdatamodel */;
			path = ManageProduct.xcdatamodeld;
			sourceTree = "<group>";
			versionGroupType = wrapper.xcdatamodel;
		};
/* End XCVersionGroup section */
	};
	rootObject = 666C0C43190503B800260977 /* Project object */;
}
